
Microsoft Visual Studio Solution File, Format Version 12.00
# Visual Studio Version 16
VisualStudioVersion = 16.0.30128.74
MinimumVisualStudioVersion = 10.0.40219.1
Project("{FAE04EC0-301F-11D3-BF4B-00C04F79EFBC}") = "SCRAPING-CSHARP", "SCRAPING-CSHARP\SCRAPING-CSHARP.csproj", "{091676AB-C77D-4654-A2B3-4BB188C83C52}"
EndProject
Project("{FAE04EC0-301F-11D3-BF4B-00C04F79EFBC}") = "SCRAPING-WEB", "SCRAPING-WEB\SCRAPING-WEB.csproj", "{C89794A7-229C-49FE-871A-894AE0093574}"
EndProject
Project("{FAE04EC0-301F-11D3-BF4B-00C04F79EFBC}") = "SCRAPING-EBAY", "SCRAPING-EBAY\SCRAPING-EBAY.csproj", "{567914B7-11C2-4FCA-8F52-DF538977575B}"
EndProject
Project("{FAE04EC0-301F-11D3-BF4B-00C04F79EFBC}") = "SCRAPING-EBAY-CONSOLE", "SCRAPING-EBAY-CONSOLE\SCRAPING-EBAY-CONSOLE.csproj", "{DA3E6B08-F54E-4385-A840-A718EAE63756}"
EndProject
Project("{FAE04EC0-301F-11D3-BF4B-00C04F79EFBC}") = "SCRAPING-EXCHANGE-RATE-CONSOLE", "SCRAPING-EXCHANGE-RATE-CONSOLE\SCRAPING-EXCHANGE-RATE-CONSOLE.csproj", "{D8B65C0F-749B-4B07-82BB-1E978A5B23B3}"
EndProject
Global
	GlobalSection(SolutionConfigurationPlatforms) = preSolution
		Debug|Any CPU = Debug|Any CPU
		Release|Any CPU = Release|Any CPU
	EndGlobalSection
	GlobalSection(ProjectConfigurationPlatforms) = postSolution
		{091676AB-C77D-4654-A2B3-4BB188C83C52}.Debug|Any CPU.ActiveCfg = Debug|Any CPU
		{091676AB-C77D-4654-A2B3-4BB188C83C52}.Debug|Any CPU.Build.0 = Debug|Any CPU
		{091676AB-C77D-4654-A2B3-4BB188C83C52}.Release|Any CPU.ActiveCfg = Release|Any CPU
		{091676AB-C77D-4654-A2B3-4BB188C83C52}.Release|Any CPU.Build.0 = Release|Any CPU
		{C89794A7-229C-49FE-871A-894AE0093574}.Debug|Any CPU.ActiveCfg = Debug|Any CPU
		{C89794A7-229C-49FE-871A-894AE0093574}.Debug|Any CPU.Build.0 = Debug|Any CPU
		{C89794A7-229C-49FE-871A-894AE0093574}.Release|Any CPU.ActiveCfg = Release|Any CPU
		{C89794A7-229C-49FE-871A-894AE0093574}.Release|Any CPU.Build.0 = Release|Any CPU
		{567914B7-11C2-4FCA-8F52-DF538977575B}.Debug|Any CPU.ActiveCfg = Debug|Any CPU
		{567914B7-11C2-4FCA-8F52-DF538977575B}.Debug|Any CPU.Build.0 = Debug|Any CPU
		{567914B7-11C2-4FCA-8F52-DF538977575B}.Release|Any CPU.ActiveCfg = Release|Any CPU
		{567914B7-11C2-4FCA-8F52-DF538977575B}.Release|Any CPU.Build.0 = Release|Any CPU
		{DA3E6B08-F54E-4385-A840-A718EAE63756}.Debug|Any CPU.ActiveCfg = Debug|Any CPU
		{DA3E6B08-F54E-4385-A840-A718EAE63756}.Debug|Any CPU.Build.0 = Debug|Any CPU
		{DA3E6B08-F54E-4385-A840-A718EAE63756}.Release|Any CPU.ActiveCfg = Release|Any CPU
		{DA3E6B08-F54E-4385-A840-A718EAE63756}.Release|Any CPU.Build.0 = Release|Any CPU
		{D8B65C0F-749B-4B07-82BB-1E978A5B23B3}.Debug|Any CPU.ActiveCfg = Debug|Any CPU
		{D8B65C0F-749B-4B07-82BB-1E978A5B23B3}.Debug|Any CPU.Build.0 = Debug|Any CPU
		{D8B65C0F-749B-4B07-82BB-1E978A5B23B3}.Release|Any CPU.ActiveCfg = Release|Any CPU
		{D8B65C0F-749B-4B07-82BB-1E978A5B23B3}.Release|Any CPU.Build.0 = Release|Any CPU
	EndGlobalSection
	GlobalSection(SolutionProperties) = preSolution
		HideSolutionNode = FALSE
	EndGlobalSection
	GlobalSection(ExtensibilityGlobals) = postSolution
		SolutionGuid = {57BDE735-DA2A-479C-ABB2-469B121C8B70}
	EndGlobalSection
EndGlobal
